// !$*UTF8*$!
{
	archiveVersion = 1;
	classes = {
	};
	objectVersion = 50;
	objects = {

/* Begin PBXBuildFile section */
		841B520B233DFE8D003EB3E9 /* AppDelegate.swift in Sources */ = {isa = PBXBuildFile; fileRef = 841B520A233DFE8D003EB3E9 /* AppDelegate.swift */; };
		841B520D233DFE8D003EB3E9 /* ViewController.swift in Sources */ = {isa = PBXBuildFile; fileRef = 841B520C233DFE8D003EB3E9 /* ViewController.swift */; };
		841B5210233DFE8D003EB3E9 /* Main.storyboard in Resources */ = {isa = PBXBuildFile; fileRef = 841B520E233DFE8D003EB3E9 /* Main.storyboard */; };
		841B5213233DFE8D003EB3E9 /* fordeleting.xcdatamodeld in Sources */ = {isa = PBXBuildFile; fileRef = 841B5211233DFE8D003EB3E9 /* fordeleting.xcdatamodeld */; };
		841B5215233DFE8F003EB3E9 /* Assets.xcassets in Resources */ = {isa = PBXBuildFile; fileRef = 841B5214233DFE8F003EB3E9 /* Assets.xcassets */; };
		841B5218233DFE8F003EB3E9 /* LaunchScreen.storyboard in Resources */ = {isa = PBXBuildFile; fileRef = 841B5216233DFE8F003EB3E9 /* LaunchScreen.storyboard */; };
		841B5223233DFE8F003EB3E9 /* fordeletingTests.swift in Sources */ = {isa = PBXBuildFile; fileRef = 841B5222233DFE8F003EB3E9 /* fordeletingTests.swift */; };
		841B522E233DFE8F003EB3E9 /* fordeletingUITests.swift in Sources */ = {isa = PBXBuildFile; fileRef = 841B522D233DFE8F003EB3E9 /* fordeletingUITests.swift */; };
/* End PBXBuildFile section */

/* Begin PBXContainerItemProxy section */
		841B521F233DFE8F003EB3E9 /* PBXContainerItemProxy */ = {
			isa = PBXContainerItemProxy;
			containerPortal = 841B51FF233DFE8D003EB3E9 /* Project object */;
			proxyType = 1;
			remoteGlobalIDString = 841B5206233DFE8D003EB3E9;
			remoteInfo = fordeleting;
		};
		841B522A233DFE8F003EB3E9 /* PBXContainerItemProxy */ = {
			isa = PBXContainerItemProxy;
			containerPortal = 841B51FF233DFE8D003EB3E9 /* Project object */;
			proxyType = 1;
			remoteGlobalIDString = 841B5206233DFE8D003EB3E9;
			remoteInfo = fordeleting;
		};
/* End PBXContainerItemProxy section */

/* Begin PBXFileReference section */
		841B5207233DFE8D003EB3E9 /* fordeleting.app */ = {isa = PBXFileReference; explicitFileType = wrapper.application; includeInIndex = 0; path = fordeleting.app; sourceTree = BUILT_PRODUCTS_DIR; };
		841B520A233DFE8D003EB3E9 /* AppDelegate.swift */ = {isa = PBXFileReference; lastKnownFileType = sourcecode.swift; path = AppDelegate.swift; sourceTree = "<group>"; };
		841B520C233DFE8D003EB3E9 /* ViewController.swift */ = {isa = PBXFileReference; lastKnownFileType = sourcecode.swift; path = ViewController.swift; sourceTree = "<group>"; };
		841B520F233DFE8D003EB3E9 /* Base */ = {isa = PBXFileReference; lastKnownFileType = file.storyboard; name = Base; path = Base.lproj/Main.storyboard; sourceTree = "<group>"; };
		841B5212233DFE8D003EB3E9 /* fordeleting.xcdatamodel */ = {isa = PBXFileReference; lastKnownFileType = wrapper.xcdatamodel; path = fordeleting.xcdatamodel; sourceTree = "<group>"; };
		841B5214233DFE8F003EB3E9 /* Assets.xcassets */ = {isa = PBXFileReference; lastKnownFileType = folder.assetcatalog; path = Assets.xcassets; sourceTree = "<group>"; };
		841B5217233DFE8F003EB3E9 /* Base */ = {isa = PBXFileReference; lastKnownFileType = file.storyboard; name = Base; path = Base.lproj/LaunchScreen.storyboard; sourceTree = "<group>"; };
		841B5219233DFE8F003EB3E9 /* Info.plist */ = {isa = PBXFileReference; lastKnownFileType = text.plist.xml; path = Info.plist; sourceTree = "<group>"; };
		841B521E233DFE8F003EB3E9 /* fordeletingTests.xctest */ = {isa = PBXFileReference; explicitFileType = wrapper.cfbundle; includeInIndex = 0; path = fordeletingTests.xctest; sourceTree = BUILT_PRODUCTS_DIR; };
		841B5222233DFE8F003EB3E9 /* fordeletingTests.swift */ = {isa = PBXFileReference; lastKnownFileType = sourcecode.swift; path = fordeletingTests.swift; sourceTree = "<group>"; };
		841B5224233DFE8F003EB3E9 /* Info.plist */ = {isa = PBXFileReference; lastKnownFileType = text.plist.xml; path = Info.plist; sourceTree = "<group>"; };
		841B5229233DFE8F003EB3E9 /* fordeletingUITests.xctest */ = {isa = PBXFileReference; explicitFileType = wrapper.cfbundle; includeInIndex = 0; path = fordeletingUITests.xctest; sourceTree = BUILT_PRODUCTS_DIR; };
		841B522D233DFE8F003EB3E9 /* fordeletingUITests.swift */ = {isa = PBXFileReference; lastKnownFileType = sourcecode.swift; path = fordeletingUITests.swift; sourceTree = "<group>"; };
		841B522F233DFE8F003EB3E9 /* Info.plist */ = {isa = PBXFileReference; lastKnownFileType = text.plist.xml; path = Info.plist; sourceTree = "<group>"; };
/* End PBXFileReference section */

/* Begin PBXFrameworksBuildPhase section */
		841B5204233DFE8D003EB3E9 /* Frameworks */ = {
			isa = PBXFrameworksBuildPhase;
			buildActionMask = 2147483647;
			files = (
			);
			runOnlyForDeploymentPostprocessing = 0;
		};
		841B521B233DFE8F003EB3E9 /* Frameworks */ = {
			isa = PBXFrameworksBuildPhase;
			buildActionMask = 2147483647;
			files = (
			);
			runOnlyForDeploymentPostprocessing = 0;
		};
		841B5226233DFE8F003EB3E9 /* Frameworks */ = {
			isa = PBXFrameworksBuildPhase;
			buildActionMask = 2147483647;
			files = (
			);
			runOnlyForDeploymentPostprocessing = 0;
		};
/* End PBXFrameworksBuildPhase section */

/* Begin PBXGroup section */
		841B51FE233DFE8D003EB3E9 = {
			isa = PBXGroup;
			children = (
				841B5209233DFE8D003EB3E9 /* fordeleting */,
				841B5221233DFE8F003EB3E9 /* fordeletingTests */,
				841B522C233DFE8F003EB3E9 /* fordeletingUITests */,
				841B5208233DFE8D003EB3E9 /* Products */,
			);
			sourceTree = "<group>";
		};
		841B5208233DFE8D003EB3E9 /* Products */ = {
			isa = PBXGroup;
			children = (
				841B5207233DFE8D003EB3E9 /* fordeleting.app */,
				841B521E233DFE8F003EB3E9 /* fordeletingTests.xctest */,
				841B5229233DFE8F003EB3E9 /* fordeletingUITests.xctest */,
			);
			name = Products;
			sourceTree = "<group>";
		};
		841B5209233DFE8D003EB3E9 /* fordeleting */ = {
			isa = PBXGroup;
			children = (
				841B520C233DFE8D003EB3E9 /* ViewController.swift */,
				841B520A233DFE8D003EB3E9 /* AppDelegate.swift */,
				841B520E233DFE8D003EB3E9 /* Main.storyboard */,
				841B5214233DFE8F003EB3E9 /* Assets.xcassets */,
				841B5216233DFE8F003EB3E9 /* LaunchScreen.storyboard */,
				841B5219233DFE8F003EB3E9 /* Info.plist */,
				841B5211233DFE8D003EB3E9 /* fordeleting.xcdatamodeld */,
			);
			path = fordeleting;
			sourceTree = "<group>";
		};
		841B5221233DFE8F003EB3E9 /* fordeletingTests */ = {
			isa = PBXGroup;
			children = (
				841B5222233DFE8F003EB3E9 /* fordeletingTests.swift */,
				841B5224233DFE8F003EB3E9 /* Info.plist */,
			);
			path = fordeletingTests;
			sourceTree = "<group>";
		};
		841B522C233DFE8F003EB3E9 /* fordeletingUITests */ = {
			isa = PBXGroup;
			children = (
				841B522D233DFE8F003EB3E9 /* fordeletingUITests.swift */,
				841B522F233DFE8F003EB3E9 /* Info.plist */,
			);
			path = fordeletingUITests;
			sourceTree = "<group>";
		};
/* End PBXGroup section */

/* Begin PBXNativeTarget section */
		841B5206233DFE8D003EB3E9 /* fordeleting */ = {
			isa = PBXNativeTarget;
			buildConfigurationList = 841B5232233DFE8F003EB3E9 /* Build configuration list for PBXNativeTarget "fordeleting" */;
			buildPhases = (
				841B5203233DFE8D003EB3E9 /* Sources */,
				841B5204233DFE8D003EB3E9 /* Frameworks */,
				841B5205233DFE8D003EB3E9 /* Resources */,
			);
			buildRules = (
			);
			dependencies = (
			);
			name = fordeleting;
			productName = fordeleting;
			productReference = 841B5207233DFE8D003EB3E9 /* fordeleting.app */;
			productType = "com.apple.product-type.application";
		};
		841B521D233DFE8F003EB3E9 /* fordeletingTests */ = {
			isa = PBXNativeTarget;
			buildConfigurationList = 841B5235233DFE8F003EB3E9 /* Build configuration list for PBXNativeTarget "fordeletingTests" */;
			buildPhases = (
				841B521A233DFE8F003EB3E9 /* Sources */,
				841B521B233DFE8F003EB3E9 /* Frameworks */,
				841B521C233DFE8F003EB3E9 /* Resources */,
			);
			buildRules = (
			);
			dependencies = (
				841B5220233DFE8F003EB3E9 /* PBXTargetDependency */,
			);
			name = fordeletingTests;
			productName = fordeletingTests;
			productReference = 841B521E233DFE8F003EB3E9 /* fordeletingTests.xctest */;
			productType = "com.apple.product-type.bundle.unit-test";
		};
		841B5228233DFE8F003EB3E9 /* fordeletingUITests */ = {
			isa = PBXNativeTarget;
			buildConfigurationList = 841B5238233DFE8F003EB3E9 /* Build configuration list for PBXNativeTarget "fordeletingUITests" */;
			buildPhases = (
				841B5225233DFE8F003EB3E9 /* Sources */,
				841B5226233DFE8F003EB3E9 /* Frameworks */,
				841B5227233DFE8F003EB3E9 /* Resources */,
			);
			buildRules = (
			);
			dependencies = (
				841B522B233DFE8F003EB3E9 /* PBXTargetDependency */,
			);
			name = fordeletingUITests;
			productName = fordeletingUITests;
			productReference = 841B5229233DFE8F003EB3E9 /* fordeletingUITests.xctest */;
			productType = "com.apple.product-type.bundle.ui-testing";
		};
/* End PBXNativeTarget section */

/* Begin PBXProject section */
		841B51FF233DFE8D003EB3E9 /* Project object */ = {
			isa = PBXProject;
			attributes = {
				LastSwiftUpdateCheck = 1030;
				LastUpgradeCheck = 1030;
				ORGANIZATIONNAME = admin;
				TargetAttributes = {
					841B5206233DFE8D003EB3E9 = {
						CreatedOnToolsVersion = 10.3;
					};
					841B521D233DFE8F003EB3E9 = {
						CreatedOnToolsVersion = 10.3;
						TestTargetID = 841B5206233DFE8D003EB3E9;
					};
					841B5228233DFE8F003EB3E9 = {
						CreatedOnToolsVersion = 10.3;
						TestTargetID = 841B5206233DFE8D003EB3E9;
					};
				};
			};
			buildConfigurationList = 841B5202233DFE8D003EB3E9 /* Build configuration list for PBXProject "fordeleting" */;
			compatibilityVersion = "Xcode 9.3";
			developmentRegion = en;
			hasScannedForEncodings = 0;
			knownRegions = (
				en,
				Base,
			);
			mainGroup = 841B51FE233DFE8D003EB3E9;
			productRefGroup = 841B5208233DFE8D003EB3E9 /* Products */;
			projectDirPath = "";
			projectRoot = "";
			targets = (
				841B5206233DFE8D003EB3E9 /* fordeleting */,
				841B521D233DFE8F003EB3E9 /* fordeletingTests */,
				841B5228233DFE8F003EB3E9 /* fordeletingUITests */,
			);
		};
/* End PBXProject section */

/* Begin PBXResourcesBuildPhase section */
		841B5205233DFE8D003EB3E9 /* Resources */ = {
			isa = PBXResourcesBuildPhase;
			buildActionMask = 2147483647;
			files = (
				841B5218233DFE8F003EB3E9 /* LaunchScreen.storyboard in Resources */,
				841B5215233DFE8F003EB3E9 /* Assets.xcassets in Resources */,
				841B5210233DFE8D003EB3E9 /* Main.storyboard in Resources */,
			);
			runOnlyForDeploymentPostprocessing = 0;
		};
		841B521C233DFE8F003EB3E9 /* Resources */ = {
			isa = PBXResourcesBuildPhase;
			buildActionMask = 2147483647;
			files = (
			);
			runOnlyForDeploymentPostprocessing = 0;
		};
		841B5227233DFE8F003EB3E9 /* Resources */ = {
			isa = PBXResourcesBuildPhase;
			buildActionMask = 2147483647;
			files = (
			);
			runOnlyForDeploymentPostprocessing = 0;
		};
/* End PBXResourcesBuildPhase section */

/* Begin PBXSourcesBuildPhase section */
		841B5203233DFE8D003EB3E9 /* Sources */ = {
			isa = PBXSourcesBuildPhase;
			buildActionMask = 2147483647;
			files = (
				841B520D233DFE8D003EB3E9 /* ViewController.swift in Sources */,
				841B520B233DFE8D003EB3E9 /* AppDelegate.swift in Sources */,
				841B5213233DFE8D003EB3E9 /* fordeleting.xcdatamodeld in Sources */,
			);
			runOnlyForDeploymentPostprocessing = 0;
		};
		841B521A233DFE8F003EB3E9 /* Sources */ = {
			isa = PBXSourcesBuildPhase;
			buildActionMask = 2147483647;
			files = (
				841B5223233DFE8F003EB3E9 /* fordeletingTests.swift in Sources */,
			);
			runOnlyForDeploymentPostprocessing = 0;
		};
		841B5225233DFE8F003EB3E9 /* Sources */ = {
			isa = PBXSourcesBuildPhase;
			buildActionMask = 2147483647;
			files = (
				841B522E233DFE8F003EB3E9 /* fordeletingUITests.swift in Sources */,
			);
			runOnlyForDeploymentPostprocessing = 0;
		};
/* End PBXSourcesBuildPhase section */

/* Begin PBXTargetDependency section */
		841B5220233DFE8F003EB3E9 /* PBXTargetDependency */ = {
			isa = PBXTargetDependency;
			target = 841B5206233DFE8D003EB3E9 /* fordeleting */;
			targetProxy = 841B521F233DFE8F003EB3E9 /* PBXContainerItemProxy */;
		};
		841B522B233DFE8F003EB3E9 /* PBXTargetDependency */ = {
			isa = PBXTargetDependency;
			target = 841B5206233DFE8D003EB3E9 /* fordeleting */;
			targetProxy = 841B522A233DFE8F003EB3E9 /* PBXContainerItemProxy */;
		};
/* End PBXTargetDependency section */

/* Begin PBXVariantGroup section */
		841B520E233DFE8D003EB3E9 /* Main.storyboard */ = {
			isa = PBXVariantGroup;
			children = (
				841B520F233DFE8D003EB3E9 /* Base */,
			);
			name = Main.storyboard;
			sourceTree = "<group>";
		};
		841B5216233DFE8F003EB3E9 /* LaunchScreen.storyboard */ = {
			isa = PBXVariantGroup;
			children = (
				841B5217233DFE8F003EB3E9 /* Base */,
			);
			name = LaunchScreen.storyboard;
			sourceTree = "<group>";
		};
/* End PBXVariantGroup section */

/* Begin XCBuildConfiguration section */
		841B5230233DFE8F003EB3E9 /* Debug */ = {
			isa = XCBuildConfiguration;
			buildSettings = {
				ALWAYS_SEARCH_USER_PATHS = NO;
				CLANG_ANALYZER_NONNULL = YES;
				CLANG_ANALYZER_NUMBER_OBJECT_CONVERSION = YES_AGGRESSIVE;
				CLANG_CXX_LANGUAGE_STANDARD = "gnu++14";
				CLANG_CXX_LIBRARY = "libc++";
				CLANG_ENABLE_MODULES = YES;
				CLANG_ENABLE_OBJC_ARC = YES;
				CLANG_ENABLE_OBJC_WEAK = YES;
				CLANG_WARN_BLOCK_CAPTURE_AUTORELEASING = YES;
				CLANG_WARN_BOOL_CONVERSION = YES;
				CLANG_WARN_COMMA = YES;
				CLANG_WARN_CONSTANT_CONVERSION = YES;
				CLANG_WARN_DEPRECATED_OBJC_IMPLEMENTATIONS = YES;
				CLANG_WARN_DIRECT_OBJC_ISA_USAGE = YES_ERROR;
				CLANG_WARN_DOCUMENTATION_COMMENTS = YES;
				CLANG_WARN_EMPTY_BODY = YES;
				CLANG_WARN_ENUM_CONVERSION = YES;
				CLANG_WARN_INFINITE_RECURSION = YES;
				CLANG_WARN_INT_CONVERSION = YES;
				CLANG_WARN_NON_LITERAL_NULL_CONVERSION = YES;
				CLANG_WARN_OBJC_IMPLICIT_RETAIN_SELF = YES;
				CLANG_WARN_OBJC_LITERAL_CONVERSION = YES;
				CLANG_WARN_OBJC_ROOT_CLASS = YES_ERROR;
				CLANG_WARN_RANGE_LOOP_ANALYSIS = YES;
				CLANG_WARN_STRICT_PROTOTYPES = YES;
				CLANG_WARN_SUSPICIOUS_MOVE = YES;
				CLANG_WARN_UNGUARDED_AVAILABILITY = YES_AGGRESSIVE;
				CLANG_WARN_UNREACHABLE_CODE = YES;
				CLANG_WARN__DUPLICATE_METHOD_MATCH = YES;
				CODE_SIGN_IDENTITY = "iPhone Developer";
				COPY_PHASE_STRIP = NO;
				DEBUG_INFORMATION_FORMAT = dwarf;
				ENABLE_STRICT_OBJC_MSGSEND = YES;
				ENABLE_TESTABILITY = YES;
				GCC_C_LANGUAGE_STANDARD = gnu11;
				GCC_DYNAMIC_NO_PIC = NO;
				GCC_NO_COMMON_BLOCKS = YES;
				GCC_OPTIMIZATION_LEVEL = 0;
				GCC_PREPROCESSOR_DEFINITIONS = (
					"DEBUG=1",
					"$(inherited)",
				);
				GCC_WARN_64_TO_32_BIT_CONVERSION = YES;
				GCC_WARN_ABOUT_RETURN_TYPE = YES_ERROR;
				GCC_WARN_UNDECLARED_SELECTOR = YES;
				GCC_WARN_UNINITIALIZED_AUTOS = YES_AGGRESSIVE;
				GCC_WARN_UNUSED_FUNCTION = YES;
				GCC_WARN_UNUSED_VARIABLE = YES;
				IPHONEOS_DEPLOYMENT_TARGET = 12.4;
				MTL_ENABLE_DEBUG_INFO = INCLUDE_SOURCE;
				MTL_FAST_MATH = YES;
				ONLY_ACTIVE_ARCH = YES;
				SDKROOT = iphoneos;
				SWIFT_ACTIVE_COMPILATION_CONDITIONS = DEBUG;
				SWIFT_OPTIMIZATION_LEVEL = "-Onone";
			};
			name = Debug;
		};
		841B5231233DFE8F003EB3E9 /* Release */ = {
			isa = XCBuildConfiguration;
			buildSettings = {
				ALWAYS_SEARCH_USER_PATHS = NO;
				CLANG_ANALYZER_NONNULL = YES;
				CLANG_ANALYZER_NUMBER_OBJECT_CONVERSION = YES_AGGRESSIVE;
				CLANG_CXX_LANGUAGE_STANDARD = "gnu++14";
				CLANG_CXX_LIBRARY = "libc++";
				CLANG_ENABLE_MODULES = YES;
				CLANG_ENABLE_OBJC_ARC = YES;
				CLANG_ENABLE_OBJC_WEAK = YES;
				CLANG_WARN_BLOCK_CAPTURE_AUTORELEASING = YES;
				CLANG_WARN_BOOL_CONVERSION = YES;
				CLANG_WARN_COMMA = YES;
				CLANG_WARN_CONSTANT_CONVERSION = YES;
				CLANG_WARN_DEPRECATED_OBJC_IMPLEMENTATIONS = YES;
				CLANG_WARN_DIRECT_OBJC_ISA_USAGE = YES_ERROR;
				CLANG_WARN_DOCUMENTATION_COMMENTS = YES;
				CLANG_WARN_EMPTY_BODY = YES;
				CLANG_WARN_ENUM_CONVERSION = YES;
				CLANG_WARN_INFINITE_RECURSION = YES;
				CLANG_WARN_INT_CONVERSION = YES;
				CLANG_WARN_NON_LITERAL_NULL_CONVERSION = YES;
				CLANG_WARN_OBJC_IMPLICIT_RETAIN_SELF = YES;
				CLANG_WARN_OBJC_LITERAL_CONVERSION = YES;
				CLANG_WARN_OBJC_ROOT_CLASS = YES_ERROR;
				CLANG_WARN_RANGE_LOOP_ANALYSIS = YES;
				CLANG_WARN_STRICT_PROTOTYPES = YES;
				CLANG_WARN_SUSPICIOUS_MOVE = YES;
				CLANG_WARN_UNGUARDED_AVAILABILITY = YES_AGGRESSIVE;
				CLANG_WARN_UNREACHABLE_CODE = YES;
				CLANG_WARN__DUPLICATE_METHOD_MATCH = YES;
				CODE_SIGN_IDENTITY = "iPhone Developer";
				COPY_PHASE_STRIP = NO;
				DEBUG_INFORMATION_FORMAT = "dwarf-with-dsym";
				ENABLE_NS_ASSERTIONS = NO;
				ENABLE_STRICT_OBJC_MSGSEND = YES;
				GCC_C_LANGUAGE_STANDARD = gnu11;
				GCC_NO_COMMON_BLOCKS = YES;
				GCC_WARN_64_TO_32_BIT_CONVERSION = YES;
				GCC_WARN_ABOUT_RETURN_TYPE = YES_ERROR;
				GCC_WARN_UNDECLARED_SELECTOR = YES;
				GCC_WARN_UNINITIALIZED_AUTOS = YES_AGGRESSIVE;
				GCC_WARN_UNUSED_FUNCTION = YES;
				GCC_WARN_UNUSED_VARIABLE = YES;
				IPHONEOS_DEPLOYMENT_TARGET = 12.4;
				MTL_ENABLE_DEBUG_INFO = NO;
				MTL_FAST_MATH = YES;
				SDKROOT = iphoneos;
				SWIFT_COMPILATION_MODE = wholemodule;
				SWIFT_OPTIMIZATION_LEVEL = "-O";
				VALIDATE_PRODUCT = YES;
			};
			name = Release;
		};
		841B5233233DFE8F003EB3E9 /* Debug */ = {
			isa = XCBuildConfiguration;
			buildSettings = {
				ASSETCATALOG_COMPILER_APPICON_NAME = AppIcon;
				CODE_SIGN_STYLE = Automatic;
				INFOPLIST_FILE = fordeleting/Info.plist;
				LD_RUNPATH_SEARCH_PATHS = (
					"$(inherited)",
					"@executable_path/Frameworks",
				);
				PRODUCT_BUNDLE_IDENTIFIER = bridgelabz.fordeleting;
				PRODUCT_NAME = "$(TARGET_NAME)";
				SWIFT_VERSION = 5.0;
				TARGETED_DEVICE_FAMILY = "1,2";
			};
			name = Debug;
		};
		841B5234233DFE8F003EB3E9 /* Release */ = {
			isa = XCBuildConfiguration;
			buildSettings = {
				ASSETCATALOG_COMPILER_APPICON_NAME = AppIcon;
				CODE_SIGN_STYLE = Automatic;
				INFOPLIST_FILE = fordeleting/Info.plist;
				LD_RUNPATH_SEARCH_PATHS = (
					"$(inherited)",
					"@executable_path/Frameworks",
				);
				PRODUCT_BUNDLE_IDENTIFIER = bridgelabz.fordeleting;
				PRODUCT_NAME = "$(TARGET_NAME)";
				SWIFT_VERSION = 5.0;
				TARGETED_DEVICE_FAMILY = "1,2";
			};
			name = Release;
		};
		841B5236233DFE8F003EB3E9 /* Debug */ = {
			isa = XCBuildConfiguration;
			buildSettings = {
				ALWAYS_EMBED_SWIFT_STANDARD_LIBRARIES = YES;
				BUNDLE_LOADER = "$(TEST_HOST)";
				CODE_SIGN_STYLE = Automatic;
				INFOPLIST_FILE = fordeletingTests/Info.plist;
				LD_RUNPATH_SEARCH_PATHS = (
					"$(inherited)",
					"@executable_path/Frameworks",
					"@loader_path/Frameworks",
				);
				PRODUCT_BUNDLE_IDENTIFIER = bridgelabz.fordeletingTests;
				PRODUCT_NAME = "$(TARGET_NAME)";
				SWIFT_VERSION = 5.0;
				TARGETED_DEVICE_FAMILY = "1,2";
				TEST_HOST = "$(BUILT_PRODUCTS_DIR)/fordeleting.app/fordeleting";
			};
			name = Debug;
		};
		841B5237233DFE8F003EB3E9 /* Release */ = {
			isa = XCBuildConfiguration;
			buildSettings = {
				ALWAYS_EMBED_SWIFT_STANDARD_LIBRARIES = YES;
				BUNDLE_LOADER = "$(TEST_HOST)";
				CODE_SIGN_STYLE = Automatic;
				INFOPLIST_FILE = fordeletingTests/Info.plist;
				LD_RUNPATH_SEARCH_PATHS = (
					"$(inherited)",
					"@executable_path/Frameworks",
					"@loader_path/Frameworks",
				);
				PRODUCT_BUNDLE_IDENTIFIER = bridgelabz.fordeletingTests;
				PRODUCT_NAME = "$(TARGET_NAME)";
				SWIFT_VERSION = 5.0;
				TARGETED_DEVICE_FAMILY = "1,2";
				TEST_HOST = "$(BUILT_PRODUCTS_DIR)/fordeleting.app/fordeleting";
			};
			name = Release;
		};
		841B5239233DFE8F003EB3E9 /* Debug */ = {
			isa = XCBuildConfiguration;
			buildSettings = {
				ALWAYS_EMBED_SWIFT_STANDARD_LIBRARIES = YES;
				CODE_SIGN_STYLE = Automatic;
				INFOPLIST_FILE = fordeletingUITests/Info.plist;
				LD_RUNPATH_SEARCH_PATHS = (
					"$(inherited)",
					"@executable_path/Frameworks",
					"@loader_path/Frameworks",
				);
				PRODUCT_BUNDLE_IDENTIFIER = bridgelabz.fordeletingUITests;
				PRODUCT_NAME = "$(TARGET_NAME)";
				SWIFT_VERSION = 5.0;
				TARGETED_DEVICE_FAMILY = "1,2";
				TEST_TARGET_NAME = fordeleting;
			};
			name = Debug;
		};
		841B523A233DFE8F003EB3E9 /* Release */ = {
			isa = XCBuildConfiguration;
			buildSettings = {
				ALWAYS_EMBED_SWIFT_STANDARD_LIBRARIES = YES;
				CODE_SIGN_STYLE = Automatic;
				INFOPLIST_FILE = fordeletingUITests/Info.plist;
				LD_RUNPATH_SEARCH_PATHS = (
					"$(inherited)",
					"@executable_path/Frameworks",
					"@loader_path/Frameworks",
				);
				PRODUCT_BUNDLE_IDENTIFIER = bridgelabz.fordeletingUITests;
				PRODUCT_NAME = "$(TARGET_NAME)";
				SWIFT_VERSION = 5.0;
				TARGETED_DEVICE_FAMILY = "1,2";
				TEST_TARGET_NAME = fordeleting;
			};
			name = Release;
		};
/* End XCBuildConfiguration section */

/* Begin XCConfigurationList section */
		841B5202233DFE8D003EB3E9 /* Build configuration list for PBXProject "fordeleting" */ = {
			isa = XCConfigurationList;
			buildConfigurations = (
				841B5230233DFE8F003EB3E9 /* Debug */,
				841B5231233DFE8F003EB3E9 /* Release */,
			);
			defaultConfigurationIsVisible = 0;
			defaultConfigurationName = Release;
		};
		841B5232233DFE8F003EB3E9 /* Build configuration list for PBXNativeTarget "fordeleting" */ = {
			isa = XCConfigurationList;
			buildConfigurations = (
				841B5233233DFE8F003EB3E9 /* Debug */,
				841B5234233DFE8F003EB3E9 /* Release */,
			);
			defaultConfigurationIsVisible = 0;
			defaultConfigurationName = Release;
		};
		841B5235233DFE8F003EB3E9 /* Build configuration list for PBXNativeTarget "fordeletingTests" */ = {
			isa = XCConfigurationList;
			buildConfigurations = (
				841B5236233DFE8F003EB3E9 /* Debug */,
				841B5237233DFE8F003EB3E9 /* Release */,
			);
			defaultConfigurationIsVisible = 0;
			defaultConfigurationName = Release;
		};
		841B5238233DFE8F003EB3E9 /* Build configuration list for PBXNativeTarget "fordeletingUITests" */ = {
			isa = XCConfigurationList;
			buildConfigurations = (
				841B5239233DFE8F003EB3E9 /* Debug */,
				841B523A233DFE8F003EB3E9 /* Release */,
			);
			defaultConfigurationIsVisible = 0;
			defaultConfigurationName = Release;
		};
/* End XCConfigurationList section */

/* Begin XCVersionGroup section */
		841B5211233DFE8D003EB3E9 /* fordeleting.xcdatamodeld */ = {
			isa = XCVersionGroup;
			children = (
				841B5212233DFE8D003EB3E9 /* fordeleting.xcdatamodel */,
			);
			currentVersion = 841B5212233DFE8D003EB3E9 /* fordeleting.xcdatamodel */;
			path = fordeleting.xcdatamodeld;
			sourceTree = "<group>";
			versionGroupType = wrapper.xcdatamodel;
		};
/* End XCVersionGroup section */
	};
	rootObject = 841B51FF233DFE8D003EB3E9 /* Project object */;
}
