// !$*UTF8*$!
{
	archiveVersion = 1;
	classes = {
	};
	objectVersion = 50;
	objects = {

/* Begin PBXBuildFile section */
		84000FA0234203F2008719A5 /* AppDelegate.swift in Sources */ = {isa = PBXBuildFile; fileRef = 84000F9F234203F2008719A5 /* AppDelegate.swift */; };
		84000FA2234203F2008719A5 /* ViewController.swift in Sources */ = {isa = PBXBuildFile; fileRef = 84000FA1234203F2008719A5 /* ViewController.swift */; };
		84000FA5234203F2008719A5 /* Main.storyboard in Resources */ = {isa = PBXBuildFile; fileRef = 84000FA3234203F2008719A5 /* Main.storyboard */; };
		84000FA8234203F2008719A5 /* collectionViewPractice.xcdatamodeld in Sources */ = {isa = PBXBuildFile; fileRef = 84000FA6234203F2008719A5 /* collectionViewPractice.xcdatamodeld */; };
		84000FAA234203F5008719A5 /* Assets.xcassets in Resources */ = {isa = PBXBuildFile; fileRef = 84000FA9234203F5008719A5 /* Assets.xcassets */; };
		84000FAD234203F5008719A5 /* LaunchScreen.storyboard in Resources */ = {isa = PBXBuildFile; fileRef = 84000FAB234203F5008719A5 /* LaunchScreen.storyboard */; };
		84000FB8234203F6008719A5 /* collectionViewPracticeTests.swift in Sources */ = {isa = PBXBuildFile; fileRef = 84000FB7234203F6008719A5 /* collectionViewPracticeTests.swift */; };
		84000FC3234203F6008719A5 /* collectionViewPracticeUITests.swift in Sources */ = {isa = PBXBuildFile; fileRef = 84000FC2234203F6008719A5 /* collectionViewPracticeUITests.swift */; };
		84000FD1234206C8008719A5 /* imageStruct.swift in Sources */ = {isa = PBXBuildFile; fileRef = 84000FD0234206C8008719A5 /* imageStruct.swift */; };
		84000FD52342093B008719A5 /* ImageCollectionViewCell.swift in Sources */ = {isa = PBXBuildFile; fileRef = 84000FD42342093B008719A5 /* ImageCollectionViewCell.swift */; };
/* End PBXBuildFile section */

/* Begin PBXContainerItemProxy section */
		84000FB4234203F6008719A5 /* PBXContainerItemProxy */ = {
			isa = PBXContainerItemProxy;
			containerPortal = 84000F94234203F2008719A5 /* Project object */;
			proxyType = 1;
			remoteGlobalIDString = 84000F9B234203F2008719A5;
			remoteInfo = collectionViewPractice;
		};
		84000FBF234203F6008719A5 /* PBXContainerItemProxy */ = {
			isa = PBXContainerItemProxy;
			containerPortal = 84000F94234203F2008719A5 /* Project object */;
			proxyType = 1;
			remoteGlobalIDString = 84000F9B234203F2008719A5;
			remoteInfo = collectionViewPractice;
		};
/* End PBXContainerItemProxy section */

/* Begin PBXFileReference section */
		84000F9C234203F2008719A5 /* collectionViewPractice.app */ = {isa = PBXFileReference; explicitFileType = wrapper.application; includeInIndex = 0; path = collectionViewPractice.app; sourceTree = BUILT_PRODUCTS_DIR; };
		84000F9F234203F2008719A5 /* AppDelegate.swift */ = {isa = PBXFileReference; lastKnownFileType = sourcecode.swift; path = AppDelegate.swift; sourceTree = "<group>"; };
		84000FA1234203F2008719A5 /* ViewController.swift */ = {isa = PBXFileReference; lastKnownFileType = sourcecode.swift; path = ViewController.swift; sourceTree = "<group>"; };
		84000FA4234203F2008719A5 /* Base */ = {isa = PBXFileReference; lastKnownFileType = file.storyboard; name = Base; path = Base.lproj/Main.storyboard; sourceTree = "<group>"; };
		84000FA7234203F2008719A5 /* collectionViewPractice.xcdatamodel */ = {isa = PBXFileReference; lastKnownFileType = wrapper.xcdatamodel; path = collectionViewPractice.xcdatamodel; sourceTree = "<group>"; };
		84000FA9234203F5008719A5 /* Assets.xcassets */ = {isa = PBXFileReference; lastKnownFileType = folder.assetcatalog; path = Assets.xcassets; sourceTree = "<group>"; };
		84000FAC234203F5008719A5 /* Base */ = {isa = PBXFileReference; lastKnownFileType = file.storyboard; name = Base; path = Base.lproj/LaunchScreen.storyboard; sourceTree = "<group>"; };
		84000FAE234203F5008719A5 /* Info.plist */ = {isa = PBXFileReference; lastKnownFileType = text.plist.xml; path = Info.plist; sourceTree = "<group>"; };
		84000FB3234203F6008719A5 /* collectionViewPracticeTests.xctest */ = {isa = PBXFileReference; explicitFileType = wrapper.cfbundle; includeInIndex = 0; path = collectionViewPracticeTests.xctest; sourceTree = BUILT_PRODUCTS_DIR; };
		84000FB7234203F6008719A5 /* collectionViewPracticeTests.swift */ = {isa = PBXFileReference; lastKnownFileType = sourcecode.swift; path = collectionViewPracticeTests.swift; sourceTree = "<group>"; };
		84000FB9234203F6008719A5 /* Info.plist */ = {isa = PBXFileReference; lastKnownFileType = text.plist.xml; path = Info.plist; sourceTree = "<group>"; };
		84000FBE234203F6008719A5 /* collectionViewPracticeUITests.xctest */ = {isa = PBXFileReference; explicitFileType = wrapper.cfbundle; includeInIndex = 0; path = collectionViewPracticeUITests.xctest; sourceTree = BUILT_PRODUCTS_DIR; };
		84000FC2234203F6008719A5 /* collectionViewPracticeUITests.swift */ = {isa = PBXFileReference; lastKnownFileType = sourcecode.swift; path = collectionViewPracticeUITests.swift; sourceTree = "<group>"; };
		84000FC4234203F6008719A5 /* Info.plist */ = {isa = PBXFileReference; lastKnownFileType = text.plist.xml; path = Info.plist; sourceTree = "<group>"; };
		84000FD0234206C8008719A5 /* imageStruct.swift */ = {isa = PBXFileReference; lastKnownFileType = sourcecode.swift; path = imageStruct.swift; sourceTree = "<group>"; };
		84000FD42342093B008719A5 /* ImageCollectionViewCell.swift */ = {isa = PBXFileReference; lastKnownFileType = sourcecode.swift; path = ImageCollectionViewCell.swift; sourceTree = "<group>"; };
/* End PBXFileReference section */

/* Begin PBXFrameworksBuildPhase section */
		84000F99234203F2008719A5 /* Frameworks */ = {
			isa = PBXFrameworksBuildPhase;
			buildActionMask = 2147483647;
			files = (
			);
			runOnlyForDeploymentPostprocessing = 0;
		};
		84000FB0234203F6008719A5 /* Frameworks */ = {
			isa = PBXFrameworksBuildPhase;
			buildActionMask = 2147483647;
			files = (
			);
			runOnlyForDeploymentPostprocessing = 0;
		};
		84000FBB234203F6008719A5 /* Frameworks */ = {
			isa = PBXFrameworksBuildPhase;
			buildActionMask = 2147483647;
			files = (
			);
			runOnlyForDeploymentPostprocessing = 0;
		};
/* End PBXFrameworksBuildPhase section */

/* Begin PBXGroup section */
		84000F93234203F2008719A5 = {
			isa = PBXGroup;
			children = (
				84000F9E234203F2008719A5 /* collectionViewPractice */,
				84000FB6234203F6008719A5 /* collectionViewPracticeTests */,
				84000FC1234203F6008719A5 /* collectionViewPracticeUITests */,
				84000F9D234203F2008719A5 /* Products */,
			);
			sourceTree = "<group>";
		};
		84000F9D234203F2008719A5 /* Products */ = {
			isa = PBXGroup;
			children = (
				84000F9C234203F2008719A5 /* collectionViewPractice.app */,
				84000FB3234203F6008719A5 /* collectionViewPracticeTests.xctest */,
				84000FBE234203F6008719A5 /* collectionViewPracticeUITests.xctest */,
			);
			name = Products;
			sourceTree = "<group>";
		};
		84000F9E234203F2008719A5 /* collectionViewPractice */ = {
			isa = PBXGroup;
			children = (
				84000F9F234203F2008719A5 /* AppDelegate.swift */,
				84000FA1234203F2008719A5 /* ViewController.swift */,
				84000FA3234203F2008719A5 /* Main.storyboard */,
				84000FA9234203F5008719A5 /* Assets.xcassets */,
				84000FAB234203F5008719A5 /* LaunchScreen.storyboard */,
				84000FAE234203F5008719A5 /* Info.plist */,
				84000FA6234203F2008719A5 /* collectionViewPractice.xcdatamodeld */,
				84000FD0234206C8008719A5 /* imageStruct.swift */,
				84000FD42342093B008719A5 /* ImageCollectionViewCell.swift */,
			);
			path = collectionViewPractice;
			sourceTree = "<group>";
		};
		84000FB6234203F6008719A5 /* collectionViewPracticeTests */ = {
			isa = PBXGroup;
			children = (
				84000FB7234203F6008719A5 /* collectionViewPracticeTests.swift */,
				84000FB9234203F6008719A5 /* Info.plist */,
			);
			path = collectionViewPracticeTests;
			sourceTree = "<group>";
		};
		84000FC1234203F6008719A5 /* collectionViewPracticeUITests */ = {
			isa = PBXGroup;
			children = (
				84000FC2234203F6008719A5 /* collectionViewPracticeUITests.swift */,
				84000FC4234203F6008719A5 /* Info.plist */,
			);
			path = collectionViewPracticeUITests;
			sourceTree = "<group>";
		};
/* End PBXGroup section */

/* Begin PBXNativeTarget section */
		84000F9B234203F2008719A5 /* collectionViewPractice */ = {
			isa = PBXNativeTarget;
			buildConfigurationList = 84000FC7234203F6008719A5 /* Build configuration list for PBXNativeTarget "collectionViewPractice" */;
			buildPhases = (
				84000F98234203F2008719A5 /* Sources */,
				84000F99234203F2008719A5 /* Frameworks */,
				84000F9A234203F2008719A5 /* Resources */,
			);
			buildRules = (
			);
			dependencies = (
			);
			name = collectionViewPractice;
			productName = collectionViewPractice;
			productReference = 84000F9C234203F2008719A5 /* collectionViewPractice.app */;
			productType = "com.apple.product-type.application";
		};
		84000FB2234203F6008719A5 /* collectionViewPracticeTests */ = {
			isa = PBXNativeTarget;
			buildConfigurationList = 84000FCA234203F6008719A5 /* Build configuration list for PBXNativeTarget "collectionViewPracticeTests" */;
			buildPhases = (
				84000FAF234203F6008719A5 /* Sources */,
				84000FB0234203F6008719A5 /* Frameworks */,
				84000FB1234203F6008719A5 /* Resources */,
			);
			buildRules = (
			);
			dependencies = (
				84000FB5234203F6008719A5 /* PBXTargetDependency */,
			);
			name = collectionViewPracticeTests;
			productName = collectionViewPracticeTests;
			productReference = 84000FB3234203F6008719A5 /* collectionViewPracticeTests.xctest */;
			productType = "com.apple.product-type.bundle.unit-test";
		};
		84000FBD234203F6008719A5 /* collectionViewPracticeUITests */ = {
			isa = PBXNativeTarget;
			buildConfigurationList = 84000FCD234203F6008719A5 /* Build configuration list for PBXNativeTarget "collectionViewPracticeUITests" */;
			buildPhases = (
				84000FBA234203F6008719A5 /* Sources */,
				84000FBB234203F6008719A5 /* Frameworks */,
				84000FBC234203F6008719A5 /* Resources */,
			);
			buildRules = (
			);
			dependencies = (
				84000FC0234203F6008719A5 /* PBXTargetDependency */,
			);
			name = collectionViewPracticeUITests;
			productName = collectionViewPracticeUITests;
			productReference = 84000FBE234203F6008719A5 /* collectionViewPracticeUITests.xctest */;
			productType = "com.apple.product-type.bundle.ui-testing";
		};
/* End PBXNativeTarget section */

/* Begin PBXProject section */
		84000F94234203F2008719A5 /* Project object */ = {
			isa = PBXProject;
			attributes = {
				LastSwiftUpdateCheck = 1030;
				LastUpgradeCheck = 1030;
				ORGANIZATIONNAME = admin;
				TargetAttributes = {
					84000F9B234203F2008719A5 = {
						CreatedOnToolsVersion = 10.3;
					};
					84000FB2234203F6008719A5 = {
						CreatedOnToolsVersion = 10.3;
						TestTargetID = 84000F9B234203F2008719A5;
					};
					84000FBD234203F6008719A5 = {
						CreatedOnToolsVersion = 10.3;
						TestTargetID = 84000F9B234203F2008719A5;
					};
				};
			};
			buildConfigurationList = 84000F97234203F2008719A5 /* Build configuration list for PBXProject "collectionViewPractice" */;
			compatibilityVersion = "Xcode 9.3";
			developmentRegion = en;
			hasScannedForEncodings = 0;
			knownRegions = (
				en,
				Base,
			);
			mainGroup = 84000F93234203F2008719A5;
			productRefGroup = 84000F9D234203F2008719A5 /* Products */;
			projectDirPath = "";
			projectRoot = "";
			targets = (
				84000F9B234203F2008719A5 /* collectionViewPractice */,
				84000FB2234203F6008719A5 /* collectionViewPracticeTests */,
				84000FBD234203F6008719A5 /* collectionViewPracticeUITests */,
			);
		};
/* End PBXProject section */

/* Begin PBXResourcesBuildPhase section */
		84000F9A234203F2008719A5 /* Resources */ = {
			isa = PBXResourcesBuildPhase;
			buildActionMask = 2147483647;
			files = (
				84000FAD234203F5008719A5 /* LaunchScreen.storyboard in Resources */,
				84000FAA234203F5008719A5 /* Assets.xcassets in Resources */,
				84000FA5234203F2008719A5 /* Main.storyboard in Resources */,
			);
			runOnlyForDeploymentPostprocessing = 0;
		};
		84000FB1234203F6008719A5 /* Resources */ = {
			isa = PBXResourcesBuildPhase;
			buildActionMask = 2147483647;
			files = (
			);
			runOnlyForDeploymentPostprocessing = 0;
		};
		84000FBC234203F6008719A5 /* Resources */ = {
			isa = PBXResourcesBuildPhase;
			buildActionMask = 2147483647;
			files = (
			);
			runOnlyForDeploymentPostprocessing = 0;
		};
/* End PBXResourcesBuildPhase section */

/* Begin PBXSourcesBuildPhase section */
		84000F98234203F2008719A5 /* Sources */ = {
			isa = PBXSourcesBuildPhase;
			buildActionMask = 2147483647;
			files = (
				84000FD1234206C8008719A5 /* imageStruct.swift in Sources */,
				84000FD52342093B008719A5 /* ImageCollectionViewCell.swift in Sources */,
				84000FA2234203F2008719A5 /* ViewController.swift in Sources */,
				84000FA0234203F2008719A5 /* AppDelegate.swift in Sources */,
				84000FA8234203F2008719A5 /* collectionViewPractice.xcdatamodeld in Sources */,
			);
			runOnlyForDeploymentPostprocessing = 0;
		};
		84000FAF234203F6008719A5 /* Sources */ = {
			isa = PBXSourcesBuildPhase;
			buildActionMask = 2147483647;
			files = (
				84000FB8234203F6008719A5 /* collectionViewPracticeTests.swift in Sources */,
			);
			runOnlyForDeploymentPostprocessing = 0;
		};
		84000FBA234203F6008719A5 /* Sources */ = {
			isa = PBXSourcesBuildPhase;
			buildActionMask = 2147483647;
			files = (
				84000FC3234203F6008719A5 /* collectionViewPracticeUITests.swift in Sources */,
			);
			runOnlyForDeploymentPostprocessing = 0;
		};
/* End PBXSourcesBuildPhase section */

/* Begin PBXTargetDependency section */
		84000FB5234203F6008719A5 /* PBXTargetDependency */ = {
			isa = PBXTargetDependency;
			target = 84000F9B234203F2008719A5 /* collectionViewPractice */;
			targetProxy = 84000FB4234203F6008719A5 /* PBXContainerItemProxy */;
		};
		84000FC0234203F6008719A5 /* PBXTargetDependency */ = {
			isa = PBXTargetDependency;
			target = 84000F9B234203F2008719A5 /* collectionViewPractice */;
			targetProxy = 84000FBF234203F6008719A5 /* PBXContainerItemProxy */;
		};
/* End PBXTargetDependency section */

/* Begin PBXVariantGroup section */
		84000FA3234203F2008719A5 /* Main.storyboard */ = {
			isa = PBXVariantGroup;
			children = (
				84000FA4234203F2008719A5 /* Base */,
			);
			name = Main.storyboard;
			sourceTree = "<group>";
		};
		84000FAB234203F5008719A5 /* LaunchScreen.storyboard */ = {
			isa = PBXVariantGroup;
			children = (
				84000FAC234203F5008719A5 /* Base */,
			);
			name = LaunchScreen.storyboard;
			sourceTree = "<group>";
		};
/* End PBXVariantGroup section */

/* Begin XCBuildConfiguration section */
		84000FC5234203F6008719A5 /* Debug */ = {
			isa = XCBuildConfiguration;
			buildSettings = {
				ALWAYS_SEARCH_USER_PATHS = NO;
				CLANG_ANALYZER_NONNULL = YES;
				CLANG_ANALYZER_NUMBER_OBJECT_CONVERSION = YES_AGGRESSIVE;
				CLANG_CXX_LANGUAGE_STANDARD = "gnu++14";
				CLANG_CXX_LIBRARY = "libc++";
				CLANG_ENABLE_MODULES = YES;
				CLANG_ENABLE_OBJC_ARC = YES;
				CLANG_ENABLE_OBJC_WEAK = YES;
				CLANG_WARN_BLOCK_CAPTURE_AUTORELEASING = YES;
				CLANG_WARN_BOOL_CONVERSION = YES;
				CLANG_WARN_COMMA = YES;
				CLANG_WARN_CONSTANT_CONVERSION = YES;
				CLANG_WARN_DEPRECATED_OBJC_IMPLEMENTATIONS = YES;
				CLANG_WARN_DIRECT_OBJC_ISA_USAGE = YES_ERROR;
				CLANG_WARN_DOCUMENTATION_COMMENTS = YES;
				CLANG_WARN_EMPTY_BODY = YES;
				CLANG_WARN_ENUM_CONVERSION = YES;
				CLANG_WARN_INFINITE_RECURSION = YES;
				CLANG_WARN_INT_CONVERSION = YES;
				CLANG_WARN_NON_LITERAL_NULL_CONVERSION = YES;
				CLANG_WARN_OBJC_IMPLICIT_RETAIN_SELF = YES;
				CLANG_WARN_OBJC_LITERAL_CONVERSION = YES;
				CLANG_WARN_OBJC_ROOT_CLASS = YES_ERROR;
				CLANG_WARN_RANGE_LOOP_ANALYSIS = YES;
				CLANG_WARN_STRICT_PROTOTYPES = YES;
				CLANG_WARN_SUSPICIOUS_MOVE = YES;
				CLANG_WARN_UNGUARDED_AVAILABILITY = YES_AGGRESSIVE;
				CLANG_WARN_UNREACHABLE_CODE = YES;
				CLANG_WARN__DUPLICATE_METHOD_MATCH = YES;
				CODE_SIGN_IDENTITY = "iPhone Developer";
				COPY_PHASE_STRIP = NO;
				DEBUG_INFORMATION_FORMAT = dwarf;
				ENABLE_STRICT_OBJC_MSGSEND = YES;
				ENABLE_TESTABILITY = YES;
				GCC_C_LANGUAGE_STANDARD = gnu11;
				GCC_DYNAMIC_NO_PIC = NO;
				GCC_NO_COMMON_BLOCKS = YES;
				GCC_OPTIMIZATION_LEVEL = 0;
				GCC_PREPROCESSOR_DEFINITIONS = (
					"DEBUG=1",
					"$(inherited)",
				);
				GCC_WARN_64_TO_32_BIT_CONVERSION = YES;
				GCC_WARN_ABOUT_RETURN_TYPE = YES_ERROR;
				GCC_WARN_UNDECLARED_SELECTOR = YES;
				GCC_WARN_UNINITIALIZED_AUTOS = YES_AGGRESSIVE;
				GCC_WARN_UNUSED_FUNCTION = YES;
				GCC_WARN_UNUSED_VARIABLE = YES;
				IPHONEOS_DEPLOYMENT_TARGET = 12.4;
				MTL_ENABLE_DEBUG_INFO = INCLUDE_SOURCE;
				MTL_FAST_MATH = YES;
				ONLY_ACTIVE_ARCH = YES;
				SDKROOT = iphoneos;
				SWIFT_ACTIVE_COMPILATION_CONDITIONS = DEBUG;
				SWIFT_OPTIMIZATION_LEVEL = "-Onone";
			};
			name = Debug;
		};
		84000FC6234203F6008719A5 /* Release */ = {
			isa = XCBuildConfiguration;
			buildSettings = {
				ALWAYS_SEARCH_USER_PATHS = NO;
				CLANG_ANALYZER_NONNULL = YES;
				CLANG_ANALYZER_NUMBER_OBJECT_CONVERSION = YES_AGGRESSIVE;
				CLANG_CXX_LANGUAGE_STANDARD = "gnu++14";
				CLANG_CXX_LIBRARY = "libc++";
				CLANG_ENABLE_MODULES = YES;
				CLANG_ENABLE_OBJC_ARC = YES;
				CLANG_ENABLE_OBJC_WEAK = YES;
				CLANG_WARN_BLOCK_CAPTURE_AUTORELEASING = YES;
				CLANG_WARN_BOOL_CONVERSION = YES;
				CLANG_WARN_COMMA = YES;
				CLANG_WARN_CONSTANT_CONVERSION = YES;
				CLANG_WARN_DEPRECATED_OBJC_IMPLEMENTATIONS = YES;
				CLANG_WARN_DIRECT_OBJC_ISA_USAGE = YES_ERROR;
				CLANG_WARN_DOCUMENTATION_COMMENTS = YES;
				CLANG_WARN_EMPTY_BODY = YES;
				CLANG_WARN_ENUM_CONVERSION = YES;
				CLANG_WARN_INFINITE_RECURSION = YES;
				CLANG_WARN_INT_CONVERSION = YES;
				CLANG_WARN_NON_LITERAL_NULL_CONVERSION = YES;
				CLANG_WARN_OBJC_IMPLICIT_RETAIN_SELF = YES;
				CLANG_WARN_OBJC_LITERAL_CONVERSION = YES;
				CLANG_WARN_OBJC_ROOT_CLASS = YES_ERROR;
				CLANG_WARN_RANGE_LOOP_ANALYSIS = YES;
				CLANG_WARN_STRICT_PROTOTYPES = YES;
				CLANG_WARN_SUSPICIOUS_MOVE = YES;
				CLANG_WARN_UNGUARDED_AVAILABILITY = YES_AGGRESSIVE;
				CLANG_WARN_UNREACHABLE_CODE = YES;
				CLANG_WARN__DUPLICATE_METHOD_MATCH = YES;
				CODE_SIGN_IDENTITY = "iPhone Developer";
				COPY_PHASE_STRIP = NO;
				DEBUG_INFORMATION_FORMAT = "dwarf-with-dsym";
				ENABLE_NS_ASSERTIONS = NO;
				ENABLE_STRICT_OBJC_MSGSEND = YES;
				GCC_C_LANGUAGE_STANDARD = gnu11;
				GCC_NO_COMMON_BLOCKS = YES;
				GCC_WARN_64_TO_32_BIT_CONVERSION = YES;
				GCC_WARN_ABOUT_RETURN_TYPE = YES_ERROR;
				GCC_WARN_UNDECLARED_SELECTOR = YES;
				GCC_WARN_UNINITIALIZED_AUTOS = YES_AGGRESSIVE;
				GCC_WARN_UNUSED_FUNCTION = YES;
				GCC_WARN_UNUSED_VARIABLE = YES;
				IPHONEOS_DEPLOYMENT_TARGET = 12.4;
				MTL_ENABLE_DEBUG_INFO = NO;
				MTL_FAST_MATH = YES;
				SDKROOT = iphoneos;
				SWIFT_COMPILATION_MODE = wholemodule;
				SWIFT_OPTIMIZATION_LEVEL = "-O";
				VALIDATE_PRODUCT = YES;
			};
			name = Release;
		};
		84000FC8234203F6008719A5 /* Debug */ = {
			isa = XCBuildConfiguration;
			buildSettings = {
				ASSETCATALOG_COMPILER_APPICON_NAME = AppIcon;
				CODE_SIGN_STYLE = Automatic;
				INFOPLIST_FILE = collectionViewPractice/Info.plist;
				LD_RUNPATH_SEARCH_PATHS = (
					"$(inherited)",
					"@executable_path/Frameworks",
				);
				PRODUCT_BUNDLE_IDENTIFIER = bridgelabz.collectionViewPractice;
				PRODUCT_NAME = "$(TARGET_NAME)";
				SWIFT_VERSION = 5.0;
				TARGETED_DEVICE_FAMILY = "1,2";
			};
			name = Debug;
		};
		84000FC9234203F6008719A5 /* Release */ = {
			isa = XCBuildConfiguration;
			buildSettings = {
				ASSETCATALOG_COMPILER_APPICON_NAME = AppIcon;
				CODE_SIGN_STYLE = Automatic;
				INFOPLIST_FILE = collectionViewPractice/Info.plist;
				LD_RUNPATH_SEARCH_PATHS = (
					"$(inherited)",
					"@executable_path/Frameworks",
				);
				PRODUCT_BUNDLE_IDENTIFIER = bridgelabz.collectionViewPractice;
				PRODUCT_NAME = "$(TARGET_NAME)";
				SWIFT_VERSION = 5.0;
				TARGETED_DEVICE_FAMILY = "1,2";
			};
			name = Release;
		};
		84000FCB234203F6008719A5 /* Debug */ = {
			isa = XCBuildConfiguration;
			buildSettings = {
				ALWAYS_EMBED_SWIFT_STANDARD_LIBRARIES = YES;
				BUNDLE_LOADER = "$(TEST_HOST)";
				CODE_SIGN_STYLE = Automatic;
				INFOPLIST_FILE = collectionViewPracticeTests/Info.plist;
				LD_RUNPATH_SEARCH_PATHS = (
					"$(inherited)",
					"@executable_path/Frameworks",
					"@loader_path/Frameworks",
				);
				PRODUCT_BUNDLE_IDENTIFIER = bridgelabz.collectionViewPracticeTests;
				PRODUCT_NAME = "$(TARGET_NAME)";
				SWIFT_VERSION = 5.0;
				TARGETED_DEVICE_FAMILY = "1,2";
				TEST_HOST = "$(BUILT_PRODUCTS_DIR)/collectionViewPractice.app/collectionViewPractice";
			};
			name = Debug;
		};
		84000FCC234203F6008719A5 /* Release */ = {
			isa = XCBuildConfiguration;
			buildSettings = {
				ALWAYS_EMBED_SWIFT_STANDARD_LIBRARIES = YES;
				BUNDLE_LOADER = "$(TEST_HOST)";
				CODE_SIGN_STYLE = Automatic;
				INFOPLIST_FILE = collectionViewPracticeTests/Info.plist;
				LD_RUNPATH_SEARCH_PATHS = (
					"$(inherited)",
					"@executable_path/Frameworks",
					"@loader_path/Frameworks",
				);
				PRODUCT_BUNDLE_IDENTIFIER = bridgelabz.collectionViewPracticeTests;
				PRODUCT_NAME = "$(TARGET_NAME)";
				SWIFT_VERSION = 5.0;
				TARGETED_DEVICE_FAMILY = "1,2";
				TEST_HOST = "$(BUILT_PRODUCTS_DIR)/collectionViewPractice.app/collectionViewPractice";
			};
			name = Release;
		};
		84000FCE234203F6008719A5 /* Debug */ = {
			isa = XCBuildConfiguration;
			buildSettings = {
				ALWAYS_EMBED_SWIFT_STANDARD_LIBRARIES = YES;
				CODE_SIGN_STYLE = Automatic;
				INFOPLIST_FILE = collectionViewPracticeUITests/Info.plist;
				LD_RUNPATH_SEARCH_PATHS = (
					"$(inherited)",
					"@executable_path/Frameworks",
					"@loader_path/Frameworks",
				);
				PRODUCT_BUNDLE_IDENTIFIER = bridgelabz.collectionViewPracticeUITests;
				PRODUCT_NAME = "$(TARGET_NAME)";
				SWIFT_VERSION = 5.0;
				TARGETED_DEVICE_FAMILY = "1,2";
				TEST_TARGET_NAME = collectionViewPractice;
			};
			name = Debug;
		};
		84000FCF234203F6008719A5 /* Release */ = {
			isa = XCBuildConfiguration;
			buildSettings = {
				ALWAYS_EMBED_SWIFT_STANDARD_LIBRARIES = YES;
				CODE_SIGN_STYLE = Automatic;
				INFOPLIST_FILE = collectionViewPracticeUITests/Info.plist;
				LD_RUNPATH_SEARCH_PATHS = (
					"$(inherited)",
					"@executable_path/Frameworks",
					"@loader_path/Frameworks",
				);
				PRODUCT_BUNDLE_IDENTIFIER = bridgelabz.collectionViewPracticeUITests;
				PRODUCT_NAME = "$(TARGET_NAME)";
				SWIFT_VERSION = 5.0;
				TARGETED_DEVICE_FAMILY = "1,2";
				TEST_TARGET_NAME = collectionViewPractice;
			};
			name = Release;
		};
/* End XCBuildConfiguration section */

/* Begin XCConfigurationList section */
		84000F97234203F2008719A5 /* Build configuration list for PBXProject "collectionViewPractice" */ = {
			isa = XCConfigurationList;
			buildConfigurations = (
				84000FC5234203F6008719A5 /* Debug */,
				84000FC6234203F6008719A5 /* Release */,
			);
			defaultConfigurationIsVisible = 0;
			defaultConfigurationName = Release;
		};
		84000FC7234203F6008719A5 /* Build configuration list for PBXNativeTarget "collectionViewPractice" */ = {
			isa = XCConfigurationList;
			buildConfigurations = (
				84000FC8234203F6008719A5 /* Debug */,
				84000FC9234203F6008719A5 /* Release */,
			);
			defaultConfigurationIsVisible = 0;
			defaultConfigurationName = Release;
		};
		84000FCA234203F6008719A5 /* Build configuration list for PBXNativeTarget "collectionViewPracticeTests" */ = {
			isa = XCConfigurationList;
			buildConfigurations = (
				84000FCB234203F6008719A5 /* Debug */,
				84000FCC234203F6008719A5 /* Release */,
			);
			defaultConfigurationIsVisible = 0;
			defaultConfigurationName = Release;
		};
		84000FCD234203F6008719A5 /* Build configuration list for PBXNativeTarget "collectionViewPracticeUITests" */ = {
			isa = XCConfigurationList;
			buildConfigurations = (
				84000FCE234203F6008719A5 /* Debug */,
				84000FCF234203F6008719A5 /* Release */,
			);
			defaultConfigurationIsVisible = 0;
			defaultConfigurationName = Release;
		};
/* End XCConfigurationList section */

/* Begin XCVersionGroup section */
		84000FA6234203F2008719A5 /* collectionViewPractice.xcdatamodeld */ = {
			isa = XCVersionGroup;
			children = (
				84000FA7234203F2008719A5 /* collectionViewPractice.xcdatamodel */,
			);
			currentVersion = 84000FA7234203F2008719A5 /* collectionViewPractice.xcdatamodel */;
			path = collectionViewPractice.xcdatamodeld;
			sourceTree = "<group>";
			versionGroupType = wrapper.xcdatamodel;
		};
/* End XCVersionGroup section */
	};
	rootObject = 84000F94234203F2008719A5 /* Project object */;
}
